// !$*UTF8*$!
{
	archiveVersion = 1;
	classes = {
	};
	objectVersion = 50;
	objects = {

/* Begin PBXBuildFile section */
		B5D6641D2528E3145D134F30 /* Pods_ThisIsMyArea.framework in Frameworks */ = {isa = PBXBuildFile; fileRef = 5E2EB0E0466B661E5F9A5218 /* Pods_ThisIsMyArea.framework */; };
		E211F6F422D43773005710AB /* ReachabilityObserverDelegate.swift in Sources */ = {isa = PBXBuildFile; fileRef = E211F6F322D43773005710AB /* ReachabilityObserverDelegate.swift */; };
		E211F6F622D43A7F005710AB /* NotificationName+Extension.swift in Sources */ = {isa = PBXBuildFile; fileRef = E211F6F522D43A7F005710AB /* NotificationName+Extension.swift */; };
		E211F6F822D44AF7005710AB /* ConfigManager.swift in Sources */ = {isa = PBXBuildFile; fileRef = E211F6F722D44AF7005710AB /* ConfigManager.swift */; };
		E211F6FA22D456CE005710AB /* CLLocationCoordinate2D+Extension.swift in Sources */ = {isa = PBXBuildFile; fileRef = E211F6F922D456CE005710AB /* CLLocationCoordinate2D+Extension.swift */; };
		E21B1A5122D326DD00E0AB17 /* AppDelegate.swift in Sources */ = {isa = PBXBuildFile; fileRef = E21B1A5022D326DD00E0AB17 /* AppDelegate.swift */; };
		E21B1A5322D326DD00E0AB17 /* ViewController.swift in Sources */ = {isa = PBXBuildFile; fileRef = E21B1A5222D326DD00E0AB17 /* ViewController.swift */; };
		E21B1A5622D326DD00E0AB17 /* Main.storyboard in Resources */ = {isa = PBXBuildFile; fileRef = E21B1A5422D326DD00E0AB17 /* Main.storyboard */; };
		E21B1A5922D326DD00E0AB17 /* ThisIsMyArea.xcdatamodeld in Sources */ = {isa = PBXBuildFile; fileRef = E21B1A5722D326DD00E0AB17 /* ThisIsMyArea.xcdatamodeld */; };
		E21B1A5B22D326DF00E0AB17 /* Assets.xcassets in Resources */ = {isa = PBXBuildFile; fileRef = E21B1A5A22D326DF00E0AB17 /* Assets.xcassets */; };
		E21B1A5E22D326DF00E0AB17 /* LaunchScreen.storyboard in Resources */ = {isa = PBXBuildFile; fileRef = E21B1A5C22D326DF00E0AB17 /* LaunchScreen.storyboard */; };
		E21B1A6722D3311000E0AB17 /* MKMapView+Extension.swift in Sources */ = {isa = PBXBuildFile; fileRef = E21B1A6622D3311000E0AB17 /* MKMapView+Extension.swift */; };
		E21B1A6A22D3343400E0AB17 /* Geofence.swift in Sources */ = {isa = PBXBuildFile; fileRef = E21B1A6922D3343400E0AB17 /* Geofence.swift */; };
		E21B1A6D22D336E500E0AB17 /* GeofenceViewModel.swift in Sources */ = {isa = PBXBuildFile; fileRef = E21B1A6C22D336E500E0AB17 /* GeofenceViewModel.swift */; };
		E21B1A6F22D337F200E0AB17 /* GeofenceMKAnnotation.swift in Sources */ = {isa = PBXBuildFile; fileRef = E21B1A6E22D337F200E0AB17 /* GeofenceMKAnnotation.swift */; };
		E21B1A7422D343BB00E0AB17 /* ViewController+Extension.swift in Sources */ = {isa = PBXBuildFile; fileRef = E21B1A7322D343BB00E0AB17 /* ViewController+Extension.swift */; };
		E21B1A7722D375A800E0AB17 /* Utility.swift in Sources */ = {isa = PBXBuildFile; fileRef = E21B1A7622D375A800E0AB17 /* Utility.swift */; };
/* End PBXBuildFile section */

/* Begin PBXFileReference section */
		3FFC52A0D5E4ECE0C92DCB8D /* Pods-ThisIsMyArea.debug.xcconfig */ = {isa = PBXFileReference; includeInIndex = 1; lastKnownFileType = text.xcconfig; name = "Pods-ThisIsMyArea.debug.xcconfig"; path = "Target Support Files/Pods-ThisIsMyArea/Pods-ThisIsMyArea.debug.xcconfig"; sourceTree = "<group>"; };
		5E2EB0E0466B661E5F9A5218 /* Pods_ThisIsMyArea.framework */ = {isa = PBXFileReference; explicitFileType = wrapper.framework; includeInIndex = 0; path = Pods_ThisIsMyArea.framework; sourceTree = BUILT_PRODUCTS_DIR; };
		90EB6CEE6ED1C06947C789D8 /* Pods-ThisIsMyArea.release.xcconfig */ = {isa = PBXFileReference; includeInIndex = 1; lastKnownFileType = text.xcconfig; name = "Pods-ThisIsMyArea.release.xcconfig"; path = "Target Support Files/Pods-ThisIsMyArea/Pods-ThisIsMyArea.release.xcconfig"; sourceTree = "<group>"; };
		E211F6EF22D396AD005710AB /* ThisIsMyArea.entitlements */ = {isa = PBXFileReference; lastKnownFileType = text.plist.entitlements; path = ThisIsMyArea.entitlements; sourceTree = "<group>"; };
		E211F6F322D43773005710AB /* ReachabilityObserverDelegate.swift */ = {isa = PBXFileReference; lastKnownFileType = sourcecode.swift; path = ReachabilityObserverDelegate.swift; sourceTree = "<group>"; };
		E211F6F522D43A7F005710AB /* NotificationName+Extension.swift */ = {isa = PBXFileReference; lastKnownFileType = sourcecode.swift; path = "NotificationName+Extension.swift"; sourceTree = "<group>"; };
		E211F6F722D44AF7005710AB /* ConfigManager.swift */ = {isa = PBXFileReference; lastKnownFileType = sourcecode.swift; path = ConfigManager.swift; sourceTree = "<group>"; };
		E211F6F922D456CE005710AB /* CLLocationCoordinate2D+Extension.swift */ = {isa = PBXFileReference; lastKnownFileType = sourcecode.swift; path = "CLLocationCoordinate2D+Extension.swift"; sourceTree = "<group>"; };
		E21B1A4D22D326DD00E0AB17 /* ThisIsMyArea.app */ = {isa = PBXFileReference; explicitFileType = wrapper.application; includeInIndex = 0; path = ThisIsMyArea.app; sourceTree = BUILT_PRODUCTS_DIR; };
		E21B1A5022D326DD00E0AB17 /* AppDelegate.swift */ = {isa = PBXFileReference; lastKnownFileType = sourcecode.swift; path = AppDelegate.swift; sourceTree = "<group>"; };
		E21B1A5222D326DD00E0AB17 /* ViewController.swift */ = {isa = PBXFileReference; lastKnownFileType = sourcecode.swift; path = ViewController.swift; sourceTree = "<group>"; };
		E21B1A5522D326DD00E0AB17 /* Base */ = {isa = PBXFileReference; lastKnownFileType = file.storyboard; name = Base; path = Base.lproj/Main.storyboard; sourceTree = "<group>"; };
		E21B1A5822D326DD00E0AB17 /* ThisIsMyArea.xcdatamodel */ = {isa = PBXFileReference; lastKnownFileType = wrapper.xcdatamodel; path = ThisIsMyArea.xcdatamodel; sourceTree = "<group>"; };
		E21B1A5A22D326DF00E0AB17 /* Assets.xcassets */ = {isa = PBXFileReference; lastKnownFileType = folder.assetcatalog; path = Assets.xcassets; sourceTree = "<group>"; };
		E21B1A5D22D326DF00E0AB17 /* Base */ = {isa = PBXFileReference; lastKnownFileType = file.storyboard; name = Base; path = Base.lproj/LaunchScreen.storyboard; sourceTree = "<group>"; };
		E21B1A5F22D326DF00E0AB17 /* Info.plist */ = {isa = PBXFileReference; lastKnownFileType = text.plist.xml; path = Info.plist; sourceTree = "<group>"; };
		E21B1A6622D3311000E0AB17 /* MKMapView+Extension.swift */ = {isa = PBXFileReference; lastKnownFileType = sourcecode.swift; path = "MKMapView+Extension.swift"; sourceTree = "<group>"; };
		E21B1A6922D3343400E0AB17 /* Geofence.swift */ = {isa = PBXFileReference; lastKnownFileType = sourcecode.swift; path = Geofence.swift; sourceTree = "<group>"; };
		E21B1A6C22D336E500E0AB17 /* GeofenceViewModel.swift */ = {isa = PBXFileReference; lastKnownFileType = sourcecode.swift; path = GeofenceViewModel.swift; sourceTree = "<group>"; };
		E21B1A6E22D337F200E0AB17 /* GeofenceMKAnnotation.swift */ = {isa = PBXFileReference; lastKnownFileType = sourcecode.swift; path = GeofenceMKAnnotation.swift; sourceTree = "<group>"; };
		E21B1A7322D343BB00E0AB17 /* ViewController+Extension.swift */ = {isa = PBXFileReference; lastKnownFileType = sourcecode.swift; path = "ViewController+Extension.swift"; sourceTree = "<group>"; };
		E21B1A7622D375A800E0AB17 /* Utility.swift */ = {isa = PBXFileReference; lastKnownFileType = sourcecode.swift; path = Utility.swift; sourceTree = "<group>"; };
/* End PBXFileReference section */

/* Begin PBXFrameworksBuildPhase section */
		E21B1A4A22D326DD00E0AB17 /* Frameworks */ = {
			isa = PBXFrameworksBuildPhase;
			buildActionMask = 2147483647;
			files = (
				B5D6641D2528E3145D134F30 /* Pods_ThisIsMyArea.framework in Frameworks */,
			);
			runOnlyForDeploymentPostprocessing = 0;
		};
/* End PBXFrameworksBuildPhase section */

/* Begin PBXGroup section */
		7C18DDF80B52D17B9E118A3F /* Pods */ = {
			isa = PBXGroup;
			children = (
				3FFC52A0D5E4ECE0C92DCB8D /* Pods-ThisIsMyArea.debug.xcconfig */,
				90EB6CEE6ED1C06947C789D8 /* Pods-ThisIsMyArea.release.xcconfig */,
			);
			path = Pods;
			sourceTree = "<group>";
		};
		E211F6EC22D396AD005710AB /* Frameworks */ = {
			isa = PBXGroup;
			children = (
				5E2EB0E0466B661E5F9A5218 /* Pods_ThisIsMyArea.framework */,
			);
			name = Frameworks;
			sourceTree = "<group>";
		};
		E211F6F222D43769005710AB /* Delegate */ = {
			isa = PBXGroup;
			children = (
				E211F6F322D43773005710AB /* ReachabilityObserverDelegate.swift */,
			);
			path = Delegate;
			sourceTree = "<group>";
		};
		E21B1A4422D326DD00E0AB17 = {
			isa = PBXGroup;
			children = (
				E21B1A4F22D326DD00E0AB17 /* ThisIsMyArea */,
				E21B1A4E22D326DD00E0AB17 /* Products */,
				E211F6EC22D396AD005710AB /* Frameworks */,
				7C18DDF80B52D17B9E118A3F /* Pods */,
			);
			sourceTree = "<group>";
		};
		E21B1A4E22D326DD00E0AB17 /* Products */ = {
			isa = PBXGroup;
			children = (
				E21B1A4D22D326DD00E0AB17 /* ThisIsMyArea.app */,
			);
			name = Products;
			sourceTree = "<group>";
		};
		E21B1A4F22D326DD00E0AB17 /* ThisIsMyArea */ = {
			isa = PBXGroup;
			children = (
				E211F6F222D43769005710AB /* Delegate */,
				E211F6EF22D396AD005710AB /* ThisIsMyArea.entitlements */,
				E21B1A7522D3759900E0AB17 /* Common */,
				E21B1A6B22D336D700E0AB17 /* ViewModel */,
				E21B1A6822D3342700E0AB17 /* Model */,
				E21B1A6522D330F500E0AB17 /* Extension */,
				E21B1A5022D326DD00E0AB17 /* AppDelegate.swift */,
				E21B1A5222D326DD00E0AB17 /* ViewController.swift */,
				E21B1A5422D326DD00E0AB17 /* Main.storyboard */,
				E21B1A5A22D326DF00E0AB17 /* Assets.xcassets */,
				E21B1A5C22D326DF00E0AB17 /* LaunchScreen.storyboard */,
				E21B1A5F22D326DF00E0AB17 /* Info.plist */,
				E21B1A5722D326DD00E0AB17 /* ThisIsMyArea.xcdatamodeld */,
			);
			path = ThisIsMyArea;
			sourceTree = "<group>";
		};
		E21B1A6522D330F500E0AB17 /* Extension */ = {
			isa = PBXGroup;
			children = (
				E21B1A6622D3311000E0AB17 /* MKMapView+Extension.swift */,
				E21B1A7322D343BB00E0AB17 /* ViewController+Extension.swift */,
				E211F6F522D43A7F005710AB /* NotificationName+Extension.swift */,
				E211F6F922D456CE005710AB /* CLLocationCoordinate2D+Extension.swift */,
			);
			path = Extension;
			sourceTree = "<group>";
		};
		E21B1A6822D3342700E0AB17 /* Model */ = {
			isa = PBXGroup;
			children = (
				E21B1A6922D3343400E0AB17 /* Geofence.swift */,
				E21B1A6E22D337F200E0AB17 /* GeofenceMKAnnotation.swift */,
			);
			path = Model;
			sourceTree = "<group>";
		};
		E21B1A6B22D336D700E0AB17 /* ViewModel */ = {
			isa = PBXGroup;
			children = (
				E21B1A6C22D336E500E0AB17 /* GeofenceViewModel.swift */,
			);
			path = ViewModel;
			sourceTree = "<group>";
		};
		E21B1A7522D3759900E0AB17 /* Common */ = {
			isa = PBXGroup;
			children = (
				E21B1A7622D375A800E0AB17 /* Utility.swift */,
				E211F6F722D44AF7005710AB /* ConfigManager.swift */,
			);
			path = Common;
			sourceTree = "<group>";
		};
/* End PBXGroup section */

/* Begin PBXNativeTarget section */
		E21B1A4C22D326DD00E0AB17 /* ThisIsMyArea */ = {
			isa = PBXNativeTarget;
			buildConfigurationList = E21B1A6222D326DF00E0AB17 /* Build configuration list for PBXNativeTarget "ThisIsMyArea" */;
			buildPhases = (
				0E87C253608549833307A168 /* [CP] Check Pods Manifest.lock */,
				E21B1A4922D326DD00E0AB17 /* Sources */,
				E21B1A4A22D326DD00E0AB17 /* Frameworks */,
				E21B1A4B22D326DD00E0AB17 /* Resources */,
				583D889DC8A07AA131FCC2E6 /* [CP] Embed Pods Frameworks */,
			);
			buildRules = (
			);
			dependencies = (
			);
			name = ThisIsMyArea;
			productName = ThisIsMyArea;
			productReference = E21B1A4D22D326DD00E0AB17 /* ThisIsMyArea.app */;
			productType = "com.apple.product-type.application";
		};
/* End PBXNativeTarget section */

/* Begin PBXProject section */
		E21B1A4522D326DD00E0AB17 /* Project object */ = {
			isa = PBXProject;
			attributes = {
				LastSwiftUpdateCheck = 1010;
				LastUpgradeCheck = 1010;
				ORGANIZATIONNAME = Sean;
				TargetAttributes = {
					E21B1A4C22D326DD00E0AB17 = {
						CreatedOnToolsVersion = 10.1;
						SystemCapabilities = {
							com.apple.AccessWiFi = {
								enabled = 1;
							};
							com.apple.WAC = {
								enabled = 0;
							};
						};
					};
				};
			};
			buildConfigurationList = E21B1A4822D326DD00E0AB17 /* Build configuration list for PBXProject "ThisIsMyArea" */;
			compatibilityVersion = "Xcode 9.3";
			developmentRegion = en;
			hasScannedForEncodings = 0;
			knownRegions = (
				en,
				Base,
			);
			mainGroup = E21B1A4422D326DD00E0AB17;
			productRefGroup = E21B1A4E22D326DD00E0AB17 /* Products */;
			projectDirPath = "";
			projectRoot = "";
			targets = (
				E21B1A4C22D326DD00E0AB17 /* ThisIsMyArea */,
			);
		};
/* End PBXProject section */

/* Begin PBXResourcesBuildPhase section */
		E21B1A4B22D326DD00E0AB17 /* Resources */ = {
			isa = PBXResourcesBuildPhase;
			buildActionMask = 2147483647;
			files = (
				E21B1A5E22D326DF00E0AB17 /* LaunchScreen.storyboard in Resources */,
				E21B1A5B22D326DF00E0AB17 /* Assets.xcassets in Resources */,
				E21B1A5622D326DD00E0AB17 /* Main.storyboard in Resources */,
			);
			runOnlyForDeploymentPostprocessing = 0;
		};
/* End PBXResourcesBuildPhase section */

/* Begin PBXShellScriptBuildPhase section */
		0E87C253608549833307A168 /* [CP] Check Pods Manifest.lock */ = {
			isa = PBXShellScriptBuildPhase;
			buildActionMask = 2147483647;
			files = (
			);
			inputFileListPaths = (
			);
			inputPaths = (
				"${PODS_PODFILE_DIR_PATH}/Podfile.lock",
				"${PODS_ROOT}/Manifest.lock",
			);
			name = "[CP] Check Pods Manifest.lock";
			outputFileListPaths = (
			);
			outputPaths = (
				"$(DERIVED_FILE_DIR)/Pods-ThisIsMyArea-checkManifestLockResult.txt",
			);
			runOnlyForDeploymentPostprocessing = 0;
			shellPath = /bin/sh;
			shellScript = "diff \"${PODS_PODFILE_DIR_PATH}/Podfile.lock\" \"${PODS_ROOT}/Manifest.lock\" > /dev/null\nif [ $? != 0 ] ; then\n    # print error to STDERR\n    echo \"error: The sandbox is not in sync with the Podfile.lock. Run 'pod install' or update your CocoaPods installation.\" >&2\n    exit 1\nfi\n# This output is used by Xcode 'outputs' to avoid re-running this script phase.\necho \"SUCCESS\" > \"${SCRIPT_OUTPUT_FILE_0}\"\n";
			showEnvVarsInLog = 0;
		};
		583D889DC8A07AA131FCC2E6 /* [CP] Embed Pods Frameworks */ = {
			isa = PBXShellScriptBuildPhase;
			buildActionMask = 2147483647;
			files = (
			);
			inputFileListPaths = (
			);
			inputPaths = (
				"${PODS_ROOT}/Target Support Files/Pods-ThisIsMyArea/Pods-ThisIsMyArea-frameworks.sh",
				"${BUILT_PRODUCTS_DIR}/ReachabilitySwift/Reachability.framework",
			);
			name = "[CP] Embed Pods Frameworks";
			outputFileListPaths = (
			);
			outputPaths = (
				"${TARGET_BUILD_DIR}/${FRAMEWORKS_FOLDER_PATH}/Reachability.framework",
			);
			runOnlyForDeploymentPostprocessing = 0;
			shellPath = /bin/sh;
			shellScript = "\"${PODS_ROOT}/Target Support Files/Pods-ThisIsMyArea/Pods-ThisIsMyArea-frameworks.sh\"\n";
			showEnvVarsInLog = 0;
		};
/* End PBXShellScriptBuildPhase section */

/* Begin PBXSourcesBuildPhase section */
		E21B1A4922D326DD00E0AB17 /* Sources */ = {
			isa = PBXSourcesBuildPhase;
			buildActionMask = 2147483647;
			files = (
				E21B1A6D22D336E500E0AB17 /* GeofenceViewModel.swift in Sources */,
				E21B1A6F22D337F200E0AB17 /* GeofenceMKAnnotation.swift in Sources */,
				E211F6FA22D456CE005710AB /* CLLocationCoordinate2D+Extension.swift in Sources */,
				E211F6F622D43A7F005710AB /* NotificationName+Extension.swift in Sources */,
				E21B1A7722D375A800E0AB17 /* Utility.swift in Sources */,
				E211F6F422D43773005710AB /* ReachabilityObserverDelegate.swift in Sources */,
				E211F6F822D44AF7005710AB /* ConfigManager.swift in Sources */,
				E21B1A5322D326DD00E0AB17 /* ViewController.swift in Sources */,
				E21B1A6722D3311000E0AB17 /* MKMapView+Extension.swift in Sources */,
				E21B1A6A22D3343400E0AB17 /* Geofence.swift in Sources */,
				E21B1A7422D343BB00E0AB17 /* ViewController+Extension.swift in Sources */,
				E21B1A5922D326DD00E0AB17 /* ThisIsMyArea.xcdatamodeld in Sources */,
				E21B1A5122D326DD00E0AB17 /* AppDelegate.swift in Sources */,
			);
			runOnlyForDeploymentPostprocessing = 0;
		};
/* End PBXSourcesBuildPhase section */

/* Begin PBXVariantGroup section */
		E21B1A5422D326DD00E0AB17 /* Main.storyboard */ = {
			isa = PBXVariantGroup;
			children = (
				E21B1A5522D326DD00E0AB17 /* Base */,
			);
			name = Main.storyboard;
			sourceTree = "<group>";
		};
		E21B1A5C22D326DF00E0AB17 /* LaunchScreen.storyboard */ = {
			isa = PBXVariantGroup;
			children = (
				E21B1A5D22D326DF00E0AB17 /* Base */,
			);
			name = LaunchScreen.storyboard;
			sourceTree = "<group>";
		};
/* End PBXVariantGroup section */

/* Begin XCBuildConfiguration section */
		E21B1A6022D326DF00E0AB17 /* Debug */ = {
			isa = XCBuildConfiguration;
			buildSettings = {
				ALWAYS_SEARCH_USER_PATHS = NO;
				CLANG_ANALYZER_NONNULL = YES;
				CLANG_ANALYZER_NUMBER_OBJECT_CONVERSION = YES_AGGRESSIVE;
				CLANG_CXX_LANGUAGE_STANDARD = "gnu++14";
				CLANG_CXX_LIBRARY = "libc++";
				CLANG_ENABLE_MODULES = YES;
				CLANG_ENABLE_OBJC_ARC = YES;
				CLANG_ENABLE_OBJC_WEAK = YES;
				CLANG_WARN_BLOCK_CAPTURE_AUTORELEASING = YES;
				CLANG_WARN_BOOL_CONVERSION = YES;
				CLANG_WARN_COMMA = YES;
				CLANG_WARN_CONSTANT_CONVERSION = YES;
				CLANG_WARN_DEPRECATED_OBJC_IMPLEMENTATIONS = YES;
				CLANG_WARN_DIRECT_OBJC_ISA_USAGE = YES_ERROR;
				CLANG_WARN_DOCUMENTATION_COMMENTS = YES;
				CLANG_WARN_EMPTY_BODY = YES;
				CLANG_WARN_ENUM_CONVERSION = YES;
				CLANG_WARN_INFINITE_RECURSION = YES;
				CLANG_WARN_INT_CONVERSION = YES;
				CLANG_WARN_NON_LITERAL_NULL_CONVERSION = YES;
				CLANG_WARN_OBJC_IMPLICIT_RETAIN_SELF = YES;
				CLANG_WARN_OBJC_LITERAL_CONVERSION = YES;
				CLANG_WARN_OBJC_ROOT_CLASS = YES_ERROR;
				CLANG_WARN_RANGE_LOOP_ANALYSIS = YES;
				CLANG_WARN_STRICT_PROTOTYPES = YES;
				CLANG_WARN_SUSPICIOUS_MOVE = YES;
				CLANG_WARN_UNGUARDED_AVAILABILITY = YES_AGGRESSIVE;
				CLANG_WARN_UNREACHABLE_CODE = YES;
				CLANG_WARN__DUPLICATE_METHOD_MATCH = YES;
				CODE_SIGN_IDENTITY = "iPhone Developer";
				COPY_PHASE_STRIP = NO;
				DEBUG_INFORMATION_FORMAT = dwarf;
				ENABLE_STRICT_OBJC_MSGSEND = YES;
				ENABLE_TESTABILITY = YES;
				GCC_C_LANGUAGE_STANDARD = gnu11;
				GCC_DYNAMIC_NO_PIC = NO;
				GCC_NO_COMMON_BLOCKS = YES;
				GCC_OPTIMIZATION_LEVEL = 0;
				GCC_PREPROCESSOR_DEFINITIONS = (
					"DEBUG=1",
					"$(inherited)",
				);
				GCC_WARN_64_TO_32_BIT_CONVERSION = YES;
				GCC_WARN_ABOUT_RETURN_TYPE = YES_ERROR;
				GCC_WARN_UNDECLARED_SELECTOR = YES;
				GCC_WARN_UNINITIALIZED_AUTOS = YES_AGGRESSIVE;
				GCC_WARN_UNUSED_FUNCTION = YES;
				GCC_WARN_UNUSED_VARIABLE = YES;
				IPHONEOS_DEPLOYMENT_TARGET = 12.1;
				MTL_ENABLE_DEBUG_INFO = INCLUDE_SOURCE;
				MTL_FAST_MATH = YES;
				ONLY_ACTIVE_ARCH = YES;
				SDKROOT = iphoneos;
				SWIFT_ACTIVE_COMPILATION_CONDITIONS = DEBUG;
				SWIFT_OPTIMIZATION_LEVEL = "-Onone";
			};
			name = Debug;
		};
		E21B1A6122D326DF00E0AB17 /* Release */ = {
			isa = XCBuildConfiguration;
			buildSettings = {
				ALWAYS_SEARCH_USER_PATHS = NO;
				CLANG_ANALYZER_NONNULL = YES;
				CLANG_ANALYZER_NUMBER_OBJECT_CONVERSION = YES_AGGRESSIVE;
				CLANG_CXX_LANGUAGE_STANDARD = "gnu++14";
				CLANG_CXX_LIBRARY = "libc++";
				CLANG_ENABLE_MODULES = YES;
				CLANG_ENABLE_OBJC_ARC = YES;
				CLANG_ENABLE_OBJC_WEAK = YES;
				CLANG_WARN_BLOCK_CAPTURE_AUTORELEASING = YES;
				CLANG_WARN_BOOL_CONVERSION = YES;
				CLANG_WARN_COMMA = YES;
				CLANG_WARN_CONSTANT_CONVERSION = YES;
				CLANG_WARN_DEPRECATED_OBJC_IMPLEMENTATIONS = YES;
				CLANG_WARN_DIRECT_OBJC_ISA_USAGE = YES_ERROR;
				CLANG_WARN_DOCUMENTATION_COMMENTS = YES;
				CLANG_WARN_EMPTY_BODY = YES;
				CLANG_WARN_ENUM_CONVERSION = YES;
				CLANG_WARN_INFINITE_RECURSION = YES;
				CLANG_WARN_INT_CONVERSION = YES;
				CLANG_WARN_NON_LITERAL_NULL_CONVERSION = YES;
				CLANG_WARN_OBJC_IMPLICIT_RETAIN_SELF = YES;
				CLANG_WARN_OBJC_LITERAL_CONVERSION = YES;
				CLANG_WARN_OBJC_ROOT_CLASS = YES_ERROR;
				CLANG_WARN_RANGE_LOOP_ANALYSIS = YES;
				CLANG_WARN_STRICT_PROTOTYPES = YES;
				CLANG_WARN_SUSPICIOUS_MOVE = YES;
				CLANG_WARN_UNGUARDED_AVAILABILITY = YES_AGGRESSIVE;
				CLANG_WARN_UNREACHABLE_CODE = YES;
				CLANG_WARN__DUPLICATE_METHOD_MATCH = YES;
				CODE_SIGN_IDENTITY = "iPhone Developer";
				COPY_PHASE_STRIP = NO;
				DEBUG_INFORMATION_FORMAT = "dwarf-with-dsym";
				ENABLE_NS_ASSERTIONS = NO;
				ENABLE_STRICT_OBJC_MSGSEND = YES;
				GCC_C_LANGUAGE_STANDARD = gnu11;
				GCC_NO_COMMON_BLOCKS = YES;
				GCC_WARN_64_TO_32_BIT_CONVERSION = YES;
				GCC_WARN_ABOUT_RETURN_TYPE = YES_ERROR;
				GCC_WARN_UNDECLARED_SELECTOR = YES;
				GCC_WARN_UNINITIALIZED_AUTOS = YES_AGGRESSIVE;
				GCC_WARN_UNUSED_FUNCTION = YES;
				GCC_WARN_UNUSED_VARIABLE = YES;
				IPHONEOS_DEPLOYMENT_TARGET = 12.1;
				MTL_ENABLE_DEBUG_INFO = NO;
				MTL_FAST_MATH = YES;
				SDKROOT = iphoneos;
				SWIFT_COMPILATION_MODE = wholemodule;
				SWIFT_OPTIMIZATION_LEVEL = "-O";
				VALIDATE_PRODUCT = YES;
			};
			name = Release;
		};
		E21B1A6322D326DF00E0AB17 /* Debug */ = {
			isa = XCBuildConfiguration;
			baseConfigurationReference = 3FFC52A0D5E4ECE0C92DCB8D /* Pods-ThisIsMyArea.debug.xcconfig */;
			buildSettings = {
				ASSETCATALOG_COMPILER_APPICON_NAME = AppIcon;
				CODE_SIGN_ENTITLEMENTS = ThisIsMyArea/ThisIsMyArea.entitlements;
				CODE_SIGN_IDENTITY = "iPhone Developer";
				CODE_SIGN_STYLE = Automatic;
				DEVELOPMENT_TEAM = KK7B95YD6Y;
				INFOPLIST_FILE = ThisIsMyArea/Info.plist;
				LD_RUNPATH_SEARCH_PATHS = (
					"$(inherited)",
					"@executable_path/Frameworks",
				);
				PRODUCT_BUNDLE_IDENTIFIER = com.test.ThisIsMyArea;
				PRODUCT_NAME = "$(TARGET_NAME)";
				PROVISIONING_PROFILE_SPECIFIER = "";
				SWIFT_VERSION = 4.2;
				TARGETED_DEVICE_FAMILY = "1,2";
			};
			name = Debug;
		};
		E21B1A6422D326DF00E0AB17 /* Release */ = {
			isa = XCBuildConfiguration;
			baseConfigurationReference = 90EB6CEE6ED1C06947C789D8 /* Pods-ThisIsMyArea.release.xcconfig */;
			buildSettings = {
				ASSETCATALOG_COMPILER_APPICON_NAME = AppIcon;
				CODE_SIGN_ENTITLEMENTS = ThisIsMyArea/ThisIsMyArea.entitlements;
				CODE_SIGN_IDENTITY = "iPhone Developer";
				CODE_SIGN_STYLE = Automatic;
				DEVELOPMENT_TEAM = KK7B95YD6Y;
				INFOPLIST_FILE = ThisIsMyArea/Info.plist;
				LD_RUNPATH_SEARCH_PATHS = (
					"$(inherited)",
					"@executable_path/Frameworks",
				);
				PRODUCT_BUNDLE_IDENTIFIER = com.test.ThisIsMyArea;
				PRODUCT_NAME = "$(TARGET_NAME)";
				PROVISIONING_PROFILE_SPECIFIER = "";
				SWIFT_VERSION = 4.2;
				TARGETED_DEVICE_FAMILY = "1,2";
			};
			name = Release;
		};
/* End XCBuildConfiguration section */

/* Begin XCConfigurationList section */
		E21B1A4822D326DD00E0AB17 /* Build configuration list for PBXProject "ThisIsMyArea" */ = {
			isa = XCConfigurationList;
			buildConfigurations = (
				E21B1A6022D326DF00E0AB17 /* Debug */,
				E21B1A6122D326DF00E0AB17 /* Release */,
			);
			defaultConfigurationIsVisible = 0;
			defaultConfigurationName = Release;
		};
		E21B1A6222D326DF00E0AB17 /* Build configuration list for PBXNativeTarget "ThisIsMyArea" */ = {
			isa = XCConfigurationList;
			buildConfigurations = (
				E21B1A6322D326DF00E0AB17 /* Debug */,
				E21B1A6422D326DF00E0AB17 /* Release */,
			);
			defaultConfigurationIsVisible = 0;
			defaultConfigurationName = Release;
		};
/* End XCConfigurationList section */

/* Begin XCVersionGroup section */
		E21B1A5722D326DD00E0AB17 /* ThisIsMyArea.xcdatamodeld */ = {
			isa = XCVersionGroup;
			children = (
				E21B1A5822D326DD00E0AB17 /* ThisIsMyArea.xcdatamodel */,
			);
			currentVersion = E21B1A5822D326DD00E0AB17 /* ThisIsMyArea.xcdatamodel */;
			path = ThisIsMyArea.xcdatamodeld;
			sourceTree = "<group>";
			versionGroupType = wrapper.xcdatamodel;
		};
/* End XCVersionGroup section */
	};
	rootObject = E21B1A4522D326DD00E0AB17 /* Project object */;
}
